
Microsoft Visual Studio Solution File, Format Version 12.00
Project("{FAE04EC0-301F-11D3-BF4B-00C04F79EFBC}") = "TuyaNet", "TuyaNet\TuyaNet.csproj", "{70C91516-50CC-4588-9CE5-68040117FC0B}"
EndProject
Global
	GlobalSection(SolutionConfigurationPlatforms) = preSolution
		Debug|Any CPU = Debug|Any CPU
		Release|Any CPU = Release|Any CPU
	EndGlobalSection
	GlobalSection(ProjectConfigurationPlatforms) = postSolution
		{70C91516-50CC-4588-9CE5-68040117FC0B}.Debug|Any CPU.ActiveCfg = Debug|Any CPU
		{70C91516-50CC-4588-9CE5-68040117FC0B}.Debug|Any CPU.Build.0 = Debug|Any CPU
		{70C91516-50CC-4588-9CE5-68040117FC0B}.Release|Any CPU.ActiveCfg = Release|Any CPU
		{70C91516-50CC-4588-9CE5-68040117FC0B}.Release|Any CPU.Build.0 = Release|Any CPU
	EndGlobalSection
EndGlobal
